{
  "object": {
    "pins": [
      {
        "package": "swift-argument-parser",
        "repositoryURL": "https://github.com/apple/swift-argument-parser.git",
        "state": {
          "branch": "async",
          "revision": "ddc37e4c53ed030bf2d75aaf3e9d489cc6495134",
          "version": null
        }
      }
    ]
  },
  "version": 1
}
